
Microsoft Visual Studio Solution File, Format Version 12.00
# Visual Studio Version 17
VisualStudioVersion = 17.5.002.0
MinimumVisualStudioVersion = 10.0.40219.1
Project("{9A19103F-16F7-4668-BE54-9A1E7A4F7556}") = "ConsoleApp2", "ConsoleApp2\ConsoleApp2.csproj", "{210E2C1E-B756-42AF-8EB3-2B16F214E37F}"
EndProject
Project("{FAE04EC0-301F-11D3-BF4B-00C04F79EFBC}") = "Hello World", "Hello World\Hello World.csproj", "{0598E619-EF0A-4428-9BEA-41F5B2D28C02}"
EndProject
Project("{FAE04EC0-301F-11D3-BF4B-00C04F79EFBC}") = "sum", "sum\sum.csproj", "{856BDDB2-DEA6-4F85-B8EC-54EB711CE2E4}"
EndProject
Project("{FAE04EC0-301F-11D3-BF4B-00C04F79EFBC}") = "largest", "largest\largest.csproj", "{33C50A9A-0221-4DB9-A358-F7B300216649}"
EndProject
Project("{FAE04EC0-301F-11D3-BF4B-00C04F79EFBC}") = "factorial", "factorial\factorial.csproj", "{DB2C725B-5B1F-4CAB-B661-89A6DAD8E322}"
EndProject
Project("{FAE04EC0-301F-11D3-BF4B-00C04F79EFBC}") = "palindrome", "palindrome\palindrome.csproj", "{DE8D1441-FEFF-4F33-82CD-BF66903356AD}"
EndProject
Project("{FAE04EC0-301F-11D3-BF4B-00C04F79EFBC}") = "fibonacci", "fibonacci\fibonacci.csproj", "{AD064911-64AE-478B-A3B8-18A8D12D70B8}"
EndProject
Project("{FAE04EC0-301F-11D3-BF4B-00C04F79EFBC}") = "calculator", "calculator\calculator.csproj", "{2E52334A-6794-4D69-805B-A3A7D1FEDBA7}"
EndProject
Project("{FAE04EC0-301F-11D3-BF4B-00C04F79EFBC}") = "array", "array\array.csproj", "{6B1E476F-B6AC-45AE-ADDE-8EBAC1A6F063}"
EndProject
Project("{FAE04EC0-301F-11D3-BF4B-00C04F79EFBC}") = "reverse string", "reverse string\reverse string.csproj", "{1E321AA0-52CD-4383-9F19-641AA936E6BD}"
EndProject
Project("{FAE04EC0-301F-11D3-BF4B-00C04F79EFBC}") = "prime", "prime\prime.csproj", "{AB3065C5-A91C-4377-96D0-776E8B18A5DD}"
EndProject
Project("{FAE04EC0-301F-11D3-BF4B-00C04F79EFBC}") = "positive", "positive\positive.csproj", "{A9E5CDA8-401E-4D31-8F89-8ED566A4ADB5}"
EndProject
Project("{FAE04EC0-301F-11D3-BF4B-00C04F79EFBC}") = "Day of the Week", "Day of the Week\Day of the Week.csproj", "{29ADFA96-E6B4-41DD-918A-9BC75373A358}"
EndProject
Project("{FAE04EC0-301F-11D3-BF4B-00C04F79EFBC}") = "Multiplication Table", "Multiplication Table\Multiplication Table.csproj", "{DE817400-EEDD-49B4-8533-6EA6C5242AE8}"
EndProject
Project("{FAE04EC0-301F-11D3-BF4B-00C04F79EFBC}") = "Even", "Even\Even.csproj", "{F63977FE-B78A-4DA8-9CC0-73BBD14A797B}"
EndProject
Project("{FAE04EC0-301F-11D3-BF4B-00C04F79EFBC}") = "negative enter", "negative enter\negative enter.csproj", "{8040CBA3-6969-438A-898E-E973BCC59335}"
EndProject
Project("{FAE04EC0-301F-11D3-BF4B-00C04F79EFBC}") = "Nested loops", "Nested loops\Nested loops.csproj", "{0582AA2F-DC15-45B7-9CF0-B49C3D42F70A}"
EndProject
Project("{FAE04EC0-301F-11D3-BF4B-00C04F79EFBC}") = "multiple of 3", "multiple of 3\multiple of 3.csproj", "{8F26EC9D-9E74-40F9-8941-6D23D62AF684}"
EndProject
Project("{FAE04EC0-301F-11D3-BF4B-00C04F79EFBC}") = "various operations", "various operations\various operations.csproj", "{BC46CF28-0CD8-4EEE-ADDF-2F270B5E081E}"
EndProject
Project("{FAE04EC0-301F-11D3-BF4B-00C04F79EFBC}") = "conditional statements", "conditional statements\conditional statements.csproj", "{33656863-2F97-44C8-8ABF-19104B45966E}"
EndProject
Project("{FAE04EC0-301F-11D3-BF4B-00C04F79EFBC}") = "SumofDigits", "SumofDigits\SumofDigits.csproj", "{06C0A922-58F2-4353-98CE-6B4D47896D17}"
EndProject
Project("{FAE04EC0-301F-11D3-BF4B-00C04F79EFBC}") = "Ford", "Ford\Ford.csproj", "{202FBC04-77D5-485D-B365-1FB78DBBA3F2}"
EndProject
Project("{FAE04EC0-301F-11D3-BF4B-00C04F79EFBC}") = "Student", "Student\Student.csproj", "{194C5A4E-9BF0-4C6B-A9A8-EA7C505C5058}"
EndProject
Project("{FAE04EC0-301F-11D3-BF4B-00C04F79EFBC}") = "Polymorphism", "Polymorphism\Polymorphism.csproj", "{86459A32-9E0B-42E3-9637-B25314644FC7}"
EndProject
Project("{FAE04EC0-301F-11D3-BF4B-00C04F79EFBC}") = "modulus", "modulus\modulus.csproj", "{1046E0EF-29D6-4185-897D-CA94411D8E34}"
EndProject
Project("{FAE04EC0-301F-11D3-BF4B-00C04F79EFBC}") = "increment and decrement", "increment and decrement\increment and decrement.csproj", "{682F4F9F-D951-48FC-B21F-F74FC3927E8C}"
EndProject
Project("{FAE04EC0-301F-11D3-BF4B-00C04F79EFBC}") = "compound assignment operators", "compound assignment operators\compound assignment operators.csproj", "{07D21986-880A-460D-AA52-1D5F035E0B61}"
EndProject
Project("{FAE04EC0-301F-11D3-BF4B-00C04F79EFBC}") = "Relational Operators", "Relational Operators\Relational Operators.csproj", "{7A9C1FAB-96BF-4172-BF88-1216E1A4F265}"
EndProject
Project("{FAE04EC0-301F-11D3-BF4B-00C04F79EFBC}") = "Boolean", "Boolean\Boolean.csproj", "{5972B458-F20C-4D4C-98B9-2EC2CBF9EA0E}"
EndProject
Project("{FAE04EC0-301F-11D3-BF4B-00C04F79EFBC}") = "Bitwise Operators", "Bitwise Operators\Bitwise Operators.csproj", "{84CC1939-7DAC-4DC0-892B-69D93F34DC9B}"
EndProject
Global
	GlobalSection(SolutionConfigurationPlatforms) = preSolution
		Debug|Any CPU = Debug|Any CPU
		Release|Any CPU = Release|Any CPU
	EndGlobalSection
	GlobalSection(ProjectConfigurationPlatforms) = postSolution
		{210E2C1E-B756-42AF-8EB3-2B16F214E37F}.Debug|Any CPU.ActiveCfg = Debug|Any CPU
		{210E2C1E-B756-42AF-8EB3-2B16F214E37F}.Debug|Any CPU.Build.0 = Debug|Any CPU
		{210E2C1E-B756-42AF-8EB3-2B16F214E37F}.Release|Any CPU.ActiveCfg = Release|Any CPU
		{210E2C1E-B756-42AF-8EB3-2B16F214E37F}.Release|Any CPU.Build.0 = Release|Any CPU
		{0598E619-EF0A-4428-9BEA-41F5B2D28C02}.Debug|Any CPU.ActiveCfg = Debug|Any CPU
		{0598E619-EF0A-4428-9BEA-41F5B2D28C02}.Debug|Any CPU.Build.0 = Debug|Any CPU
		{0598E619-EF0A-4428-9BEA-41F5B2D28C02}.Release|Any CPU.ActiveCfg = Release|Any CPU
		{0598E619-EF0A-4428-9BEA-41F5B2D28C02}.Release|Any CPU.Build.0 = Release|Any CPU
		{856BDDB2-DEA6-4F85-B8EC-54EB711CE2E4}.Debug|Any CPU.ActiveCfg = Debug|Any CPU
		{856BDDB2-DEA6-4F85-B8EC-54EB711CE2E4}.Debug|Any CPU.Build.0 = Debug|Any CPU
		{856BDDB2-DEA6-4F85-B8EC-54EB711CE2E4}.Release|Any CPU.ActiveCfg = Release|Any CPU
		{856BDDB2-DEA6-4F85-B8EC-54EB711CE2E4}.Release|Any CPU.Build.0 = Release|Any CPU
		{33C50A9A-0221-4DB9-A358-F7B300216649}.Debug|Any CPU.ActiveCfg = Debug|Any CPU
		{33C50A9A-0221-4DB9-A358-F7B300216649}.Debug|Any CPU.Build.0 = Debug|Any CPU
		{33C50A9A-0221-4DB9-A358-F7B300216649}.Release|Any CPU.ActiveCfg = Release|Any CPU
		{33C50A9A-0221-4DB9-A358-F7B300216649}.Release|Any CPU.Build.0 = Release|Any CPU
		{DB2C725B-5B1F-4CAB-B661-89A6DAD8E322}.Debug|Any CPU.ActiveCfg = Debug|Any CPU
		{DB2C725B-5B1F-4CAB-B661-89A6DAD8E322}.Debug|Any CPU.Build.0 = Debug|Any CPU
		{DB2C725B-5B1F-4CAB-B661-89A6DAD8E322}.Release|Any CPU.ActiveCfg = Release|Any CPU
		{DB2C725B-5B1F-4CAB-B661-89A6DAD8E322}.Release|Any CPU.Build.0 = Release|Any CPU
		{DE8D1441-FEFF-4F33-82CD-BF66903356AD}.Debug|Any CPU.ActiveCfg = Debug|Any CPU
		{DE8D1441-FEFF-4F33-82CD-BF66903356AD}.Debug|Any CPU.Build.0 = Debug|Any CPU
		{DE8D1441-FEFF-4F33-82CD-BF66903356AD}.Release|Any CPU.ActiveCfg = Release|Any CPU
		{DE8D1441-FEFF-4F33-82CD-BF66903356AD}.Release|Any CPU.Build.0 = Release|Any CPU
		{AD064911-64AE-478B-A3B8-18A8D12D70B8}.Debug|Any CPU.ActiveCfg = Debug|Any CPU
		{AD064911-64AE-478B-A3B8-18A8D12D70B8}.Debug|Any CPU.Build.0 = Debug|Any CPU
		{AD064911-64AE-478B-A3B8-18A8D12D70B8}.Release|Any CPU.ActiveCfg = Release|Any CPU
		{AD064911-64AE-478B-A3B8-18A8D12D70B8}.Release|Any CPU.Build.0 = Release|Any CPU
		{2E52334A-6794-4D69-805B-A3A7D1FEDBA7}.Debug|Any CPU.ActiveCfg = Debug|Any CPU
		{2E52334A-6794-4D69-805B-A3A7D1FEDBA7}.Debug|Any CPU.Build.0 = Debug|Any CPU
		{2E52334A-6794-4D69-805B-A3A7D1FEDBA7}.Release|Any CPU.ActiveCfg = Release|Any CPU
		{2E52334A-6794-4D69-805B-A3A7D1FEDBA7}.Release|Any CPU.Build.0 = Release|Any CPU
		{6B1E476F-B6AC-45AE-ADDE-8EBAC1A6F063}.Debug|Any CPU.ActiveCfg = Debug|Any CPU
		{6B1E476F-B6AC-45AE-ADDE-8EBAC1A6F063}.Debug|Any CPU.Build.0 = Debug|Any CPU
		{6B1E476F-B6AC-45AE-ADDE-8EBAC1A6F063}.Release|Any CPU.ActiveCfg = Release|Any CPU
		{6B1E476F-B6AC-45AE-ADDE-8EBAC1A6F063}.Release|Any CPU.Build.0 = Release|Any CPU
		{1E321AA0-52CD-4383-9F19-641AA936E6BD}.Debug|Any CPU.ActiveCfg = Debug|Any CPU
		{1E321AA0-52CD-4383-9F19-641AA936E6BD}.Debug|Any CPU.Build.0 = Debug|Any CPU
		{1E321AA0-52CD-4383-9F19-641AA936E6BD}.Release|Any CPU.ActiveCfg = Release|Any CPU
		{1E321AA0-52CD-4383-9F19-641AA936E6BD}.Release|Any CPU.Build.0 = Release|Any CPU
		{AB3065C5-A91C-4377-96D0-776E8B18A5DD}.Debug|Any CPU.ActiveCfg = Debug|Any CPU
		{AB3065C5-A91C-4377-96D0-776E8B18A5DD}.Debug|Any CPU.Build.0 = Debug|Any CPU
		{AB3065C5-A91C-4377-96D0-776E8B18A5DD}.Release|Any CPU.ActiveCfg = Release|Any CPU
		{AB3065C5-A91C-4377-96D0-776E8B18A5DD}.Release|Any CPU.Build.0 = Release|Any CPU
		{A9E5CDA8-401E-4D31-8F89-8ED566A4ADB5}.Debug|Any CPU.ActiveCfg = Debug|Any CPU
		{A9E5CDA8-401E-4D31-8F89-8ED566A4ADB5}.Debug|Any CPU.Build.0 = Debug|Any CPU
		{A9E5CDA8-401E-4D31-8F89-8ED566A4ADB5}.Release|Any CPU.ActiveCfg = Release|Any CPU
		{A9E5CDA8-401E-4D31-8F89-8ED566A4ADB5}.Release|Any CPU.Build.0 = Release|Any CPU
		{29ADFA96-E6B4-41DD-918A-9BC75373A358}.Debug|Any CPU.ActiveCfg = Debug|Any CPU
		{29ADFA96-E6B4-41DD-918A-9BC75373A358}.Debug|Any CPU.Build.0 = Debug|Any CPU
		{29ADFA96-E6B4-41DD-918A-9BC75373A358}.Release|Any CPU.ActiveCfg = Release|Any CPU
		{29ADFA96-E6B4-41DD-918A-9BC75373A358}.Release|Any CPU.Build.0 = Release|Any CPU
		{DE817400-EEDD-49B4-8533-6EA6C5242AE8}.Debug|Any CPU.ActiveCfg = Debug|Any CPU
		{DE817400-EEDD-49B4-8533-6EA6C5242AE8}.Debug|Any CPU.Build.0 = Debug|Any CPU
		{DE817400-EEDD-49B4-8533-6EA6C5242AE8}.Release|Any CPU.ActiveCfg = Release|Any CPU
		{DE817400-EEDD-49B4-8533-6EA6C5242AE8}.Release|Any CPU.Build.0 = Release|Any CPU
		{F63977FE-B78A-4DA8-9CC0-73BBD14A797B}.Debug|Any CPU.ActiveCfg = Debug|Any CPU
		{F63977FE-B78A-4DA8-9CC0-73BBD14A797B}.Debug|Any CPU.Build.0 = Debug|Any CPU
		{F63977FE-B78A-4DA8-9CC0-73BBD14A797B}.Release|Any CPU.ActiveCfg = Release|Any CPU
		{F63977FE-B78A-4DA8-9CC0-73BBD14A797B}.Release|Any CPU.Build.0 = Release|Any CPU
		{8040CBA3-6969-438A-898E-E973BCC59335}.Debug|Any CPU.ActiveCfg = Debug|Any CPU
		{8040CBA3-6969-438A-898E-E973BCC59335}.Debug|Any CPU.Build.0 = Debug|Any CPU
		{8040CBA3-6969-438A-898E-E973BCC59335}.Release|Any CPU.ActiveCfg = Release|Any CPU
		{8040CBA3-6969-438A-898E-E973BCC59335}.Release|Any CPU.Build.0 = Release|Any CPU
		{0582AA2F-DC15-45B7-9CF0-B49C3D42F70A}.Debug|Any CPU.ActiveCfg = Debug|Any CPU
		{0582AA2F-DC15-45B7-9CF0-B49C3D42F70A}.Debug|Any CPU.Build.0 = Debug|Any CPU
		{0582AA2F-DC15-45B7-9CF0-B49C3D42F70A}.Release|Any CPU.ActiveCfg = Release|Any CPU
		{0582AA2F-DC15-45B7-9CF0-B49C3D42F70A}.Release|Any CPU.Build.0 = Release|Any CPU
		{8F26EC9D-9E74-40F9-8941-6D23D62AF684}.Debug|Any CPU.ActiveCfg = Debug|Any CPU
		{8F26EC9D-9E74-40F9-8941-6D23D62AF684}.Debug|Any CPU.Build.0 = Debug|Any CPU
		{8F26EC9D-9E74-40F9-8941-6D23D62AF684}.Release|Any CPU.ActiveCfg = Release|Any CPU
		{8F26EC9D-9E74-40F9-8941-6D23D62AF684}.Release|Any CPU.Build.0 = Release|Any CPU
		{BC46CF28-0CD8-4EEE-ADDF-2F270B5E081E}.Debug|Any CPU.ActiveCfg = Debug|Any CPU
		{BC46CF28-0CD8-4EEE-ADDF-2F270B5E081E}.Debug|Any CPU.Build.0 = Debug|Any CPU
		{BC46CF28-0CD8-4EEE-ADDF-2F270B5E081E}.Release|Any CPU.ActiveCfg = Release|Any CPU
		{BC46CF28-0CD8-4EEE-ADDF-2F270B5E081E}.Release|Any CPU.Build.0 = Release|Any CPU
		{33656863-2F97-44C8-8ABF-19104B45966E}.Debug|Any CPU.ActiveCfg = Debug|Any CPU
		{33656863-2F97-44C8-8ABF-19104B45966E}.Debug|Any CPU.Build.0 = Debug|Any CPU
		{33656863-2F97-44C8-8ABF-19104B45966E}.Release|Any CPU.ActiveCfg = Release|Any CPU
		{33656863-2F97-44C8-8ABF-19104B45966E}.Release|Any CPU.Build.0 = Release|Any CPU
		{06C0A922-58F2-4353-98CE-6B4D47896D17}.Debug|Any CPU.ActiveCfg = Debug|Any CPU
		{06C0A922-58F2-4353-98CE-6B4D47896D17}.Debug|Any CPU.Build.0 = Debug|Any CPU
		{06C0A922-58F2-4353-98CE-6B4D47896D17}.Release|Any CPU.ActiveCfg = Release|Any CPU
		{06C0A922-58F2-4353-98CE-6B4D47896D17}.Release|Any CPU.Build.0 = Release|Any CPU
		{202FBC04-77D5-485D-B365-1FB78DBBA3F2}.Debug|Any CPU.ActiveCfg = Debug|Any CPU
		{202FBC04-77D5-485D-B365-1FB78DBBA3F2}.Debug|Any CPU.Build.0 = Debug|Any CPU
		{202FBC04-77D5-485D-B365-1FB78DBBA3F2}.Release|Any CPU.ActiveCfg = Release|Any CPU
		{202FBC04-77D5-485D-B365-1FB78DBBA3F2}.Release|Any CPU.Build.0 = Release|Any CPU
		{194C5A4E-9BF0-4C6B-A9A8-EA7C505C5058}.Debug|Any CPU.ActiveCfg = Debug|Any CPU
		{194C5A4E-9BF0-4C6B-A9A8-EA7C505C5058}.Debug|Any CPU.Build.0 = Debug|Any CPU
		{194C5A4E-9BF0-4C6B-A9A8-EA7C505C5058}.Release|Any CPU.ActiveCfg = Release|Any CPU
		{194C5A4E-9BF0-4C6B-A9A8-EA7C505C5058}.Release|Any CPU.Build.0 = Release|Any CPU
		{86459A32-9E0B-42E3-9637-B25314644FC7}.Debug|Any CPU.ActiveCfg = Debug|Any CPU
		{86459A32-9E0B-42E3-9637-B25314644FC7}.Debug|Any CPU.Build.0 = Debug|Any CPU
		{86459A32-9E0B-42E3-9637-B25314644FC7}.Release|Any CPU.ActiveCfg = Release|Any CPU
		{86459A32-9E0B-42E3-9637-B25314644FC7}.Release|Any CPU.Build.0 = Release|Any CPU
		{1046E0EF-29D6-4185-897D-CA94411D8E34}.Debug|Any CPU.ActiveCfg = Debug|Any CPU
		{1046E0EF-29D6-4185-897D-CA94411D8E34}.Debug|Any CPU.Build.0 = Debug|Any CPU
		{1046E0EF-29D6-4185-897D-CA94411D8E34}.Release|Any CPU.ActiveCfg = Release|Any CPU
		{1046E0EF-29D6-4185-897D-CA94411D8E34}.Release|Any CPU.Build.0 = Release|Any CPU
		{682F4F9F-D951-48FC-B21F-F74FC3927E8C}.Debug|Any CPU.ActiveCfg = Debug|Any CPU
		{682F4F9F-D951-48FC-B21F-F74FC3927E8C}.Debug|Any CPU.Build.0 = Debug|Any CPU
		{682F4F9F-D951-48FC-B21F-F74FC3927E8C}.Release|Any CPU.ActiveCfg = Release|Any CPU
		{682F4F9F-D951-48FC-B21F-F74FC3927E8C}.Release|Any CPU.Build.0 = Release|Any CPU
		{07D21986-880A-460D-AA52-1D5F035E0B61}.Debug|Any CPU.ActiveCfg = Debug|Any CPU
		{07D21986-880A-460D-AA52-1D5F035E0B61}.Debug|Any CPU.Build.0 = Debug|Any CPU
		{07D21986-880A-460D-AA52-1D5F035E0B61}.Release|Any CPU.ActiveCfg = Release|Any CPU
		{07D21986-880A-460D-AA52-1D5F035E0B61}.Release|Any CPU.Build.0 = Release|Any CPU
		{7A9C1FAB-96BF-4172-BF88-1216E1A4F265}.Debug|Any CPU.ActiveCfg = Debug|Any CPU
		{7A9C1FAB-96BF-4172-BF88-1216E1A4F265}.Debug|Any CPU.Build.0 = Debug|Any CPU
		{7A9C1FAB-96BF-4172-BF88-1216E1A4F265}.Release|Any CPU.ActiveCfg = Release|Any CPU
		{7A9C1FAB-96BF-4172-BF88-1216E1A4F265}.Release|Any CPU.Build.0 = Release|Any CPU
		{5972B458-F20C-4D4C-98B9-2EC2CBF9EA0E}.Debug|Any CPU.ActiveCfg = Debug|Any CPU
		{5972B458-F20C-4D4C-98B9-2EC2CBF9EA0E}.Debug|Any CPU.Build.0 = Debug|Any CPU
		{5972B458-F20C-4D4C-98B9-2EC2CBF9EA0E}.Release|Any CPU.ActiveCfg = Release|Any CPU
		{5972B458-F20C-4D4C-98B9-2EC2CBF9EA0E}.Release|Any CPU.Build.0 = Release|Any CPU
		{84CC1939-7DAC-4DC0-892B-69D93F34DC9B}.Debug|Any CPU.ActiveCfg = Debug|Any CPU
		{84CC1939-7DAC-4DC0-892B-69D93F34DC9B}.Debug|Any CPU.Build.0 = Debug|Any CPU
		{84CC1939-7DAC-4DC0-892B-69D93F34DC9B}.Release|Any CPU.ActiveCfg = Release|Any CPU
		{84CC1939-7DAC-4DC0-892B-69D93F34DC9B}.Release|Any CPU.Build.0 = Release|Any CPU
	EndGlobalSection
	GlobalSection(SolutionProperties) = preSolution
		HideSolutionNode = FALSE
	EndGlobalSection
	GlobalSection(ExtensibilityGlobals) = postSolution
		SolutionGuid = {69BBF6CA-6F25-45CD-890E-6755347E2C9C}
	EndGlobalSection
EndGlobal
